
Microsoft Visual Studio Solution File, Format Version 12.00
# Visual Studio 2012
Project("{FAE04EC0-301F-11D3-BF4B-00C04F79EFBC}") = "NetLib", "NetLib\NetLib.csproj", "{F1D82FE7-D8BF-4902-8ECE-F836175C448E}"
EndProject
Project("{FAE04EC0-301F-11D3-BF4B-00C04F79EFBC}") = "TestNetLib", "TestNetLib\TestNetLib.csproj", "{BB38807E-061C-435F-A656-3BB90277AA6D}"
EndProject
Global
	GlobalSection(SolutionConfigurationPlatforms) = preSolution
		Debug|Any CPU = Debug|Any CPU
		Release|Any CPU = Release|Any CPU
	EndGlobalSection
	GlobalSection(ProjectConfigurationPlatforms) = postSolution
		{BB38807E-061C-435F-A656-3BB90277AA6D}.Debug|Any CPU.ActiveCfg = Debug|Any CPU
		{BB38807E-061C-435F-A656-3BB90277AA6D}.Debug|Any CPU.Build.0 = Debug|Any CPU
		{BB38807E-061C-435F-A656-3BB90277AA6D}.Release|Any CPU.ActiveCfg = Release|Any CPU
		{BB38807E-061C-435F-A656-3BB90277AA6D}.Release|Any CPU.Build.0 = Release|Any CPU
		{F1D82FE7-D8BF-4902-8ECE-F836175C448E}.Debug|Any CPU.ActiveCfg = Debug|Any CPU
		{F1D82FE7-D8BF-4902-8ECE-F836175C448E}.Debug|Any CPU.Build.0 = Debug|Any CPU
		{F1D82FE7-D8BF-4902-8ECE-F836175C448E}.Release|Any CPU.ActiveCfg = Release|Any CPU
		{F1D82FE7-D8BF-4902-8ECE-F836175C448E}.Release|Any CPU.Build.0 = Release|Any CPU
	EndGlobalSection
	GlobalSection(MonoDevelopProperties) = preSolution
		StartupItem = TestNetLib\TestNetLib.csproj
	EndGlobalSection
EndGlobal
